
Microsoft Visual Studio Solution File, Format Version 12.00
# Visual Studio Version 16
VisualStudioVersion = 16.0.30503.244
MinimumVisualStudioVersion = 10.0.40219.1
Project("{8BC9CEB8-8B4A-11D0-8D11-00A0C91BC942}") = "ADS3", "ADS3.vcxproj", "{DEC81C10-F8FB-4AE0-8BAE-EA55903ABEEB}"
EndProject
Global
	GlobalSection(SolutionConfigurationPlatforms) = preSolution
		Debug|x64 = Debug|x64
		Debug|x86 = Debug|x86
		Release|x64 = Release|x64
		Release|x86 = Release|x86
	EndGlobalSection
	GlobalSection(ProjectConfigurationPlatforms) = postSolution
		{DEC81C10-F8FB-4AE0-8BAE-EA55903ABEEB}.Debug|x64.ActiveCfg = Debug|x64
		{DEC81C10-F8FB-4AE0-8BAE-EA55903ABEEB}.Debug|x64.Build.0 = Debug|x64
		{DEC81C10-F8FB-4AE0-8BAE-EA55903ABEEB}.Debug|x86.ActiveCfg = Debug|Win32
		{DEC81C10-F8FB-4AE0-8BAE-EA55903ABEEB}.Debug|x86.Build.0 = Debug|Win32
		{DEC81C10-F8FB-4AE0-8BAE-EA55903ABEEB}.Release|x64.ActiveCfg = Release|x64
		{DEC81C10-F8FB-4AE0-8BAE-EA55903ABEEB}.Release|x64.Build.0 = Release|x64
		{DEC81C10-F8FB-4AE0-8BAE-EA55903ABEEB}.Release|x86.ActiveCfg = Release|Win32
		{DEC81C10-F8FB-4AE0-8BAE-EA55903ABEEB}.Release|x86.Build.0 = Release|Win32
	EndGlobalSection
	GlobalSection(SolutionProperties) = preSolution
		HideSolutionNode = FALSE
	EndGlobalSection
	GlobalSection(ExtensibilityGlobals) = postSolution
		SolutionGuid = {8CC27B90-BC92-4586-9226-91D98300DE94}
	EndGlobalSection
EndGlobal
